
Microsoft Visual Studio Solution File, Format Version 12.00
# Visual Studio Version 16
VisualStudioVersion = 16.0.30413.136
MinimumVisualStudioVersion = 10.0.40219.1
Project("{9A19103F-16F7-4668-BE54-9A1E7A4F7556}") = "Serilog.Sinks.BigQuery", "Serilog.Sinks.BigQuery\Serilog.Sinks.BigQuery.csproj", "{4B5CF37F-C762-40B7-BB20-5DFC81D78362}"
EndProject
Project("{9A19103F-16F7-4668-BE54-9A1E7A4F7556}") = "Serilog.Sinks.BigQuery.Tests", "Serilog.Sinks.BigQuery.Tests\Serilog.Sinks.BigQuery.Tests.csproj", "{B321FB58-8AE6-44B5-ABD4-69D4EAF3BBCD}"
EndProject
Project("{9A19103F-16F7-4668-BE54-9A1E7A4F7556}") = "Serilog.Sinks.BigQuery.Sample", "Serilog.Sinks.BigQuery.Sample\Serilog.Sinks.BigQuery.Sample.csproj", "{9A550FDF-C9E6-405B-924D-8A53B6A621BC}"
EndProject
Global
	GlobalSection(SolutionConfigurationPlatforms) = preSolution
		Debug|Any CPU = Debug|Any CPU
		Release|Any CPU = Release|Any CPU
	EndGlobalSection
	GlobalSection(ProjectConfigurationPlatforms) = postSolution
		{4B5CF37F-C762-40B7-BB20-5DFC81D78362}.Debug|Any CPU.ActiveCfg = Debug|Any CPU
		{4B5CF37F-C762-40B7-BB20-5DFC81D78362}.Debug|Any CPU.Build.0 = Debug|Any CPU
		{4B5CF37F-C762-40B7-BB20-5DFC81D78362}.Release|Any CPU.ActiveCfg = Release|Any CPU
		{4B5CF37F-C762-40B7-BB20-5DFC81D78362}.Release|Any CPU.Build.0 = Release|Any CPU
		{B321FB58-8AE6-44B5-ABD4-69D4EAF3BBCD}.Debug|Any CPU.ActiveCfg = Debug|Any CPU
		{B321FB58-8AE6-44B5-ABD4-69D4EAF3BBCD}.Debug|Any CPU.Build.0 = Debug|Any CPU
		{B321FB58-8AE6-44B5-ABD4-69D4EAF3BBCD}.Release|Any CPU.ActiveCfg = Release|Any CPU
		{B321FB58-8AE6-44B5-ABD4-69D4EAF3BBCD}.Release|Any CPU.Build.0 = Release|Any CPU
		{9A550FDF-C9E6-405B-924D-8A53B6A621BC}.Debug|Any CPU.ActiveCfg = Debug|Any CPU
		{9A550FDF-C9E6-405B-924D-8A53B6A621BC}.Debug|Any CPU.Build.0 = Debug|Any CPU
		{9A550FDF-C9E6-405B-924D-8A53B6A621BC}.Release|Any CPU.ActiveCfg = Release|Any CPU
		{9A550FDF-C9E6-405B-924D-8A53B6A621BC}.Release|Any CPU.Build.0 = Release|Any CPU
	EndGlobalSection
	GlobalSection(SolutionProperties) = preSolution
		HideSolutionNode = FALSE
	EndGlobalSection
	GlobalSection(ExtensibilityGlobals) = postSolution
		SolutionGuid = {A3A55661-443F-49FC-8E31-E86C9B67D0FC}
	EndGlobalSection
EndGlobal
